
Microsoft Visual Studio Solution File, Format Version 12.00
# Visual Studio 15
VisualStudioVersion = 15.0.28307.329
MinimumVisualStudioVersion = 10.0.40219.1
Project("{FAE04EC0-301F-11D3-BF4B-00C04F79EFBC}") = "Task1", "Task1\Task1.csproj", "{C6542D98-69AE-49B0-81DD-484DF39812C3}"
EndProject
Project("{FAE04EC0-301F-11D3-BF4B-00C04F79EFBC}") = "Task2", "Task2\Task2.csproj", "{3D5A0036-B86E-46D0-82BC-B78C954C3AEA}"
EndProject
Project("{FAE04EC0-301F-11D3-BF4B-00C04F79EFBC}") = "Task3", "Task3\Task3.csproj", "{46D0EC22-5157-45F6-94FC-4C183365E6AC}"
EndProject
Project("{FAE04EC0-301F-11D3-BF4B-00C04F79EFBC}") = "Task4", "Task4\Task4.csproj", "{57FB166D-BF22-4E53-A5BC-E856B3B6E4F3}"
EndProject
Global
	GlobalSection(SolutionConfigurationPlatforms) = preSolution
		Debug|Any CPU = Debug|Any CPU
		Release|Any CPU = Release|Any CPU
	EndGlobalSection
	GlobalSection(ProjectConfigurationPlatforms) = postSolution
		{C6542D98-69AE-49B0-81DD-484DF39812C3}.Debug|Any CPU.ActiveCfg = Debug|Any CPU
		{C6542D98-69AE-49B0-81DD-484DF39812C3}.Debug|Any CPU.Build.0 = Debug|Any CPU
		{C6542D98-69AE-49B0-81DD-484DF39812C3}.Release|Any CPU.ActiveCfg = Release|Any CPU
		{C6542D98-69AE-49B0-81DD-484DF39812C3}.Release|Any CPU.Build.0 = Release|Any CPU
		{3D5A0036-B86E-46D0-82BC-B78C954C3AEA}.Debug|Any CPU.ActiveCfg = Debug|Any CPU
		{3D5A0036-B86E-46D0-82BC-B78C954C3AEA}.Debug|Any CPU.Build.0 = Debug|Any CPU
		{3D5A0036-B86E-46D0-82BC-B78C954C3AEA}.Release|Any CPU.ActiveCfg = Release|Any CPU
		{3D5A0036-B86E-46D0-82BC-B78C954C3AEA}.Release|Any CPU.Build.0 = Release|Any CPU
		{46D0EC22-5157-45F6-94FC-4C183365E6AC}.Debug|Any CPU.ActiveCfg = Debug|Any CPU
		{46D0EC22-5157-45F6-94FC-4C183365E6AC}.Debug|Any CPU.Build.0 = Debug|Any CPU
		{46D0EC22-5157-45F6-94FC-4C183365E6AC}.Release|Any CPU.ActiveCfg = Release|Any CPU
		{46D0EC22-5157-45F6-94FC-4C183365E6AC}.Release|Any CPU.Build.0 = Release|Any CPU
		{57FB166D-BF22-4E53-A5BC-E856B3B6E4F3}.Debug|Any CPU.ActiveCfg = Debug|Any CPU
		{57FB166D-BF22-4E53-A5BC-E856B3B6E4F3}.Debug|Any CPU.Build.0 = Debug|Any CPU
		{57FB166D-BF22-4E53-A5BC-E856B3B6E4F3}.Release|Any CPU.ActiveCfg = Release|Any CPU
		{57FB166D-BF22-4E53-A5BC-E856B3B6E4F3}.Release|Any CPU.Build.0 = Release|Any CPU
	EndGlobalSection
	GlobalSection(SolutionProperties) = preSolution
		HideSolutionNode = FALSE
	EndGlobalSection
	GlobalSection(ExtensibilityGlobals) = postSolution
		SolutionGuid = {2A2F1F3E-7BE1-41BD-9878-9AB0817D28B3}
	EndGlobalSection
EndGlobal
